// !$*UTF8*$!
{
	archiveVersion = 1;
	classes = {};
	objectVersion = 77;
	objects = {
		A1B2C3D4E5F60708090A0B01 /* ReadyPackets.app */ = {isa = PBXFileReference; explicitFileType = wrapper.application; includeInIndex = 0; path = ReadyPackets.app; sourceTree = BUILT_PRODUCTS_DIR; };
		A1B2C3D4E5F60708090A0B02 /* Products */ = {isa = PBXGroup; children = (A1B2C3D4E5F60708090A0B01 /* ReadyPackets.app */,); name = Products; sourceTree = "<group>"; };
		A1B2C3D4E5F60708090A0B03 /* ReadyPacketsApp */ = {isa = PBXFileSystemSynchronizedRootGroup; path = ReadyPacketsApp; sourceTree = "<group>"; };
		A1B2C3D4E5F60708090A0B04 = {isa = PBXGroup; children = (A1B2C3D4E5F60708090A0B03 /* ReadyPacketsApp */, A1B2C3D4E5F60708090A0B02 /* Products */,); sourceTree = "<group>"; };
		A1B2C3D4E5F60708090A0B05 /* Frameworks */ = {isa = PBXFrameworksBuildPhase; buildActionMask = 2147483647; files = (); runOnlyForDeploymentPostprocessing = 0; };
		A1B2C3D4E5F60708090A0B06 /* Resources */ = {isa = PBXResourcesBuildPhase; buildActionMask = 2147483647; files = (); runOnlyForDeploymentPostprocessing = 0; };
		A1B2C3D4E5F60708090A0B07 /* Sources */ = {isa = PBXSourcesBuildPhase; buildActionMask = 2147483647; files = (); runOnlyForDeploymentPostprocessing = 0; };
		A1B2C3D4E5F60708090A0B08 /* ReadyPackets */ = {isa = PBXNativeTarget; buildConfigurationList = A1B2C3D4E5F60708090A0B09 /* Build configuration list for PBXNativeTarget "ReadyPackets" */; buildPhases = (A1B2C3D4E5F60708090A0B07 /* Sources */, A1B2C3D4E5F60708090A0B05 /* Frameworks */, A1B2C3D4E5F60708090A0B06 /* Resources */,); buildRules = (); dependencies = (); fileSystemSynchronizedGroups = (A1B2C3D4E5F60708090A0B03 /* ReadyPacketsApp */,); name = ReadyPackets; packageProductDependencies = (); productName = ReadyPackets; productReference = A1B2C3D4E5F60708090A0B01 /* ReadyPackets.app */; productType = "com.apple.product-type.application"; };
		A1B2C3D4E5F60708090A0B09 /* Build configuration list for PBXNativeTarget "ReadyPackets" */ = {isa = XCConfigurationList; buildConfigurations = (A1B2C3D4E5F60708090A0B10 /* Debug */, A1B2C3D4E5F60708090A0B11 /* Release */,); defaultConfigurationIsVisible = 0; defaultConfigurationName = Release; };
		A1B2C3D4E5F60708090A0B10 /* Debug */ = {isa = XCBuildConfiguration; buildSettings = { ASSETCATALOG_COMPILER_APPICON_NAME = AppIcon; CODE_SIGN_ENTITLEMENTS = ReadyPacketsApp/ReadyPackets.entitlements; CODE_SIGN_STYLE = Automatic; CURRENT_PROJECT_VERSION = 1; DEVELOPMENT_TEAM = ""; GENERATE_INFOPLIST_FILE = NO; INFOPLIST_FILE = ReadyPacketsApp/Info.plist; IPHONEOS_DEPLOYMENT_TARGET = 17.0; MARKETING_VERSION = 1.0.0; PRODUCT_BUNDLE_IDENTIFIER = com.readypackets.mobile; SDKROOT = iphoneos; SWIFT_VERSION = 6.0; TARGETED_DEVICE_FAMILY = "1,2"; }; name = Debug; };
		A1B2C3D4E5F60708090A0B11 /* Release */ = {isa = XCBuildConfiguration; buildSettings = { ASSETCATALOG_COMPILER_APPICON_NAME = AppIcon; CODE_SIGN_ENTITLEMENTS = ReadyPacketsApp/ReadyPackets.entitlements; CODE_SIGN_STYLE = Automatic; CURRENT_PROJECT_VERSION = 1; DEVELOPMENT_TEAM = ""; GENERATE_INFOPLIST_FILE = NO; INFOPLIST_FILE = ReadyPacketsApp/Info.plist; IPHONEOS_DEPLOYMENT_TARGET = 17.0; MARKETING_VERSION = 1.0.0; PRODUCT_BUNDLE_IDENTIFIER = com.readypackets.mobile; SDKROOT = iphoneos; SWIFT_COMPILATION_MODE = wholemodule; SWIFT_VERSION = 6.0; TARGETED_DEVICE_FAMILY = "1,2"; }; name = Release; };
		A1B2C3D4E5F60708090A0B12 /* Project configuration list */ = {isa = XCConfigurationList; buildConfigurations = (A1B2C3D4E5F60708090A0B13 /* Debug */, A1B2C3D4E5F60708090A0B14 /* Release */,); defaultConfigurationIsVisible = 0; defaultConfigurationName = Release; };
		A1B2C3D4E5F60708090A0B13 /* Debug */ = {isa = XCBuildConfiguration; buildSettings = { ALWAYS_SEARCH_USER_PATHS = NO; CLANG_ENABLE_MODULES = YES; DEVELOPMENT_TEAM = ""; IPHONEOS_DEPLOYMENT_TARGET = 17.0; SDKROOT = iphoneos; }; name = Debug; };
		A1B2C3D4E5F60708090A0B14 /* Release */ = {isa = XCBuildConfiguration; buildSettings = { ALWAYS_SEARCH_USER_PATHS = NO; CLANG_ENABLE_MODULES = YES; DEVELOPMENT_TEAM = ""; IPHONEOS_DEPLOYMENT_TARGET = 17.0; SDKROOT = iphoneos; }; name = Release; };
		A1B2C3D4E5F60708090A0B15 /* Project object */ = {isa = PBXProject; attributes = { BuildIndependentTargetsInParallel = YES; LastSwiftUpdateCheck = 1600; LastUpgradeCheck = 1600; TargetAttributes = { A1B2C3D4E5F60708090A0B08 = { CreatedOnToolsVersion = 16.0; }; }; }; buildConfigurationList = A1B2C3D4E5F60708090A0B12 /* Project configuration list */; compatibilityVersion = "Xcode 16.0"; developmentRegion = en; hasScannedForEncodings = 0; knownRegions = (en, Base,); mainGroup = A1B2C3D4E5F60708090A0B04; productRefGroup = A1B2C3D4E5F60708090A0B02 /* Products */; projectDirPath = ""; projectRoot = ""; targets = (A1B2C3D4E5F60708090A0B08 /* ReadyPackets */,); };
	};
	rootObject = A1B2C3D4E5F60708090A0B15 /* Project object */;
}
